// !$*UTF8*$!
{
	archiveVersion = 1;
	classes = {
	};
	objectVersion = 50;
	objects = {

/* Begin PBXBuildFile section */
		3C76D3742630038900A09761 /* AppDelegate.swift in Sources */ = {isa = PBXBuildFile; fileRef = 3C76D3732630038900A09761 /* AppDelegate.swift */; };
		3C76D3762630038900A09761 /* SceneDelegate.swift in Sources */ = {isa = PBXBuildFile; fileRef = 3C76D3752630038900A09761 /* SceneDelegate.swift */; };
		3C76D3782630038900A09761 /* ViewController.swift in Sources */ = {isa = PBXBuildFile; fileRef = 3C76D3772630038900A09761 /* ViewController.swift */; };
		3C76D37B2630038900A09761 /* Main.storyboard in Resources */ = {isa = PBXBuildFile; fileRef = 3C76D3792630038900A09761 /* Main.storyboard */; };
		3C76D37D2630038A00A09761 /* Assets.xcassets in Resources */ = {isa = PBXBuildFile; fileRef = 3C76D37C2630038A00A09761 /* Assets.xcassets */; };
		3C76D3802630038A00A09761 /* LaunchScreen.storyboard in Resources */ = {isa = PBXBuildFile; fileRef = 3C76D37E2630038A00A09761 /* LaunchScreen.storyboard */; };
		3C76D38D26300B7F00A09761 /* UIImage+Gif.swift in Sources */ = {isa = PBXBuildFile; fileRef = 3C76D38C26300B7F00A09761 /* UIImage+Gif.swift */; };
		3C76D393263012F900A09761 /* Starry Night.gif in Resources */ = {isa = PBXBuildFile; fileRef = 3C76D392263012F900A09761 /* Starry Night.gif */; };
/* End PBXBuildFile section */

/* Begin PBXFileReference section */
		3C76D3702630038900A09761 /* MovingOilPainting.app */ = {isa = PBXFileReference; explicitFileType = wrapper.application; includeInIndex = 0; path = MovingOilPainting.app; sourceTree = BUILT_PRODUCTS_DIR; };
		3C76D3732630038900A09761 /* AppDelegate.swift */ = {isa = PBXFileReference; lastKnownFileType = sourcecode.swift; path = AppDelegate.swift; sourceTree = "<group>"; };
		3C76D3752630038900A09761 /* SceneDelegate.swift */ = {isa = PBXFileReference; lastKnownFileType = sourcecode.swift; path = SceneDelegate.swift; sourceTree = "<group>"; };
		3C76D3772630038900A09761 /* ViewController.swift */ = {isa = PBXFileReference; lastKnownFileType = sourcecode.swift; path = ViewController.swift; sourceTree = "<group>"; };
		3C76D37A2630038900A09761 /* Base */ = {isa = PBXFileReference; lastKnownFileType = file.storyboard; name = Base; path = Base.lproj/Main.storyboard; sourceTree = "<group>"; };
		3C76D37C2630038A00A09761 /* Assets.xcassets */ = {isa = PBXFileReference; lastKnownFileType = folder.assetcatalog; path = Assets.xcassets; sourceTree = "<group>"; };
		3C76D37F2630038A00A09761 /* Base */ = {isa = PBXFileReference; lastKnownFileType = file.storyboard; name = Base; path = Base.lproj/LaunchScreen.storyboard; sourceTree = "<group>"; };
		3C76D3812630038A00A09761 /* Info.plist */ = {isa = PBXFileReference; lastKnownFileType = text.plist.xml; path = Info.plist; sourceTree = "<group>"; };
		3C76D38C26300B7F00A09761 /* UIImage+Gif.swift */ = {isa = PBXFileReference; fileEncoding = 4; lastKnownFileType = sourcecode.swift; path = "UIImage+Gif.swift"; sourceTree = "<group>"; };
		3C76D392263012F900A09761 /* Starry Night.gif */ = {isa = PBXFileReference; lastKnownFileType = image.gif; path = "Starry Night.gif"; sourceTree = "<group>"; };
/* End PBXFileReference section */

/* Begin PBXFrameworksBuildPhase section */
		3C76D36D2630038900A09761 /* Frameworks */ = {
			isa = PBXFrameworksBuildPhase;
			buildActionMask = 2147483647;
			files = (
			);
			runOnlyForDeploymentPostprocessing = 0;
		};
/* End PBXFrameworksBuildPhase section */

/* Begin PBXGroup section */
		3C76D3672630038900A09761 = {
			isa = PBXGroup;
			children = (
				3C76D3722630038900A09761 /* MovingOilPainting */,
				3C76D3712630038900A09761 /* Products */,
			);
			sourceTree = "<group>";
		};
		3C76D3712630038900A09761 /* Products */ = {
			isa = PBXGroup;
			children = (
				3C76D3702630038900A09761 /* MovingOilPainting.app */,
			);
			name = Products;
			sourceTree = "<group>";
		};
		3C76D3722630038900A09761 /* MovingOilPainting */ = {
			isa = PBXGroup;
			children = (
				3C76D391263012F900A09761 /* Resouces */,
				3C76D38B26300B7F00A09761 /* Extensions */,
				3C76D3732630038900A09761 /* AppDelegate.swift */,
				3C76D3752630038900A09761 /* SceneDelegate.swift */,
				3C76D3772630038900A09761 /* ViewController.swift */,
				3C76D3792630038900A09761 /* Main.storyboard */,
				3C76D37C2630038A00A09761 /* Assets.xcassets */,
				3C76D37E2630038A00A09761 /* LaunchScreen.storyboard */,
				3C76D3812630038A00A09761 /* Info.plist */,
			);
			path = MovingOilPainting;
			sourceTree = "<group>";
		};
		3C76D38B26300B7F00A09761 /* Extensions */ = {
			isa = PBXGroup;
			children = (
				3C76D38C26300B7F00A09761 /* UIImage+Gif.swift */,
			);
			path = Extensions;
			sourceTree = "<group>";
		};
		3C76D391263012F900A09761 /* Resouces */ = {
			isa = PBXGroup;
			children = (
				3C76D392263012F900A09761 /* Starry Night.gif */,
			);
			path = Resouces;
			sourceTree = "<group>";
		};
/* End PBXGroup section */

/* Begin PBXNativeTarget section */
		3C76D36F2630038900A09761 /* MovingOilPainting */ = {
			isa = PBXNativeTarget;
			buildConfigurationList = 3C76D3842630038A00A09761 /* Build configuration list for PBXNativeTarget "MovingOilPainting" */;
			buildPhases = (
				3C76D36C2630038900A09761 /* Sources */,
				3C76D36D2630038900A09761 /* Frameworks */,
				3C76D36E2630038900A09761 /* Resources */,
			);
			buildRules = (
			);
			dependencies = (
			);
			name = MovingOilPainting;
			productName = MovingOilPainting;
			productReference = 3C76D3702630038900A09761 /* MovingOilPainting.app */;
			productType = "com.apple.product-type.application";
		};
/* End PBXNativeTarget section */

/* Begin PBXProject section */
		3C76D3682630038900A09761 /* Project object */ = {
			isa = PBXProject;
			attributes = {
				LastSwiftUpdateCheck = 1240;
				LastUpgradeCheck = 1240;
				TargetAttributes = {
					3C76D36F2630038900A09761 = {
						CreatedOnToolsVersion = 12.4;
					};
				};
			};
			buildConfigurationList = 3C76D36B2630038900A09761 /* Build configuration list for PBXProject "MovingOilPainting" */;
			compatibilityVersion = "Xcode 9.3";
			developmentRegion = en;
			hasScannedForEncodings = 0;
			knownRegions = (
				en,
				Base,
			);
			mainGroup = 3C76D3672630038900A09761;
			productRefGroup = 3C76D3712630038900A09761 /* Products */;
			projectDirPath = "";
			projectRoot = "";
			targets = (
				3C76D36F2630038900A09761 /* MovingOilPainting */,
			);
		};
/* End PBXProject section */

/* Begin PBXResourcesBuildPhase section */
		3C76D36E2630038900A09761 /* Resources */ = {
			isa = PBXResourcesBuildPhase;
			buildActionMask = 2147483647;
			files = (
				3C76D3802630038A00A09761 /* LaunchScreen.storyboard in Resources */,
				3C76D37D2630038A00A09761 /* Assets.xcassets in Resources */,
				3C76D37B2630038900A09761 /* Main.storyboard in Resources */,
				3C76D393263012F900A09761 /* Starry Night.gif in Resources */,
			);
			runOnlyForDeploymentPostprocessing = 0;
		};
/* End PBXResourcesBuildPhase section */

/* Begin PBXSourcesBuildPhase section */
		3C76D36C2630038900A09761 /* Sources */ = {
			isa = PBXSourcesBuildPhase;
			buildActionMask = 2147483647;
			files = (
				3C76D3782630038900A09761 /* ViewController.swift in Sources */,
				3C76D3742630038900A09761 /* AppDelegate.swift in Sources */,
				3C76D38D26300B7F00A09761 /* UIImage+Gif.swift in Sources */,
				3C76D3762630038900A09761 /* SceneDelegate.swift in Sources */,
			);
			runOnlyForDeploymentPostprocessing = 0;
		};
/* End PBXSourcesBuildPhase section */

/* Begin PBXVariantGroup section */
		3C76D3792630038900A09761 /* Main.storyboard */ = {
			isa = PBXVariantGroup;
			children = (
				3C76D37A2630038900A09761 /* Base */,
			);
			name = Main.storyboard;
			sourceTree = "<group>";
		};
		3C76D37E2630038A00A09761 /* LaunchScreen.storyboard */ = {
			isa = PBXVariantGroup;
			children = (
				3C76D37F2630038A00A09761 /* Base */,
			);
			name = LaunchScreen.storyboard;
			sourceTree = "<group>";
		};
/* End PBXVariantGroup section */

/* Begin XCBuildConfiguration section */
		3C76D3822630038A00A09761 /* Debug */ = {
			isa = XCBuildConfiguration;
			buildSettings = {
				ALWAYS_SEARCH_USER_PATHS = NO;
				CLANG_ANALYZER_NONNULL = YES;
				CLANG_ANALYZER_NUMBER_OBJECT_CONVERSION = YES_AGGRESSIVE;
				CLANG_CXX_LANGUAGE_STANDARD = "gnu++14";
				CLANG_CXX_LIBRARY = "libc++";
				CLANG_ENABLE_MODULES = YES;
				CLANG_ENABLE_OBJC_ARC = YES;
				CLANG_ENABLE_OBJC_WEAK = YES;
				CLANG_WARN_BLOCK_CAPTURE_AUTORELEASING = YES;
				CLANG_WARN_BOOL_CONVERSION = YES;
				CLANG_WARN_COMMA = YES;
				CLANG_WARN_CONSTANT_CONVERSION = YES;
				CLANG_WARN_DEPRECATED_OBJC_IMPLEMENTATIONS = YES;
				CLANG_WARN_DIRECT_OBJC_ISA_USAGE = YES_ERROR;
				CLANG_WARN_DOCUMENTATION_COMMENTS = YES;
				CLANG_WARN_EMPTY_BODY = YES;
				CLANG_WARN_ENUM_CONVERSION = YES;
				CLANG_WARN_INFINITE_RECURSION = YES;
				CLANG_WARN_INT_CONVERSION = YES;
				CLANG_WARN_NON_LITERAL_NULL_CONVERSION = YES;
				CLANG_WARN_OBJC_IMPLICIT_RETAIN_SELF = YES;
				CLANG_WARN_OBJC_LITERAL_CONVERSION = YES;
				CLANG_WARN_OBJC_ROOT_CLASS = YES_ERROR;
				CLANG_WARN_QUOTED_INCLUDE_IN_FRAMEWORK_HEADER = YES;
				CLANG_WARN_RANGE_LOOP_ANALYSIS = YES;
				CLANG_WARN_STRICT_PROTOTYPES = YES;
				CLANG_WARN_SUSPICIOUS_MOVE = YES;
				CLANG_WARN_UNGUARDED_AVAILABILITY = YES_AGGRESSIVE;
				CLANG_WARN_UNREACHABLE_CODE = YES;
				CLANG_WARN__DUPLICATE_METHOD_MATCH = YES;
				COPY_PHASE_STRIP = NO;
				DEBUG_INFORMATION_FORMAT = dwarf;
				ENABLE_STRICT_OBJC_MSGSEND = YES;
				ENABLE_TESTABILITY = YES;
				GCC_C_LANGUAGE_STANDARD = gnu11;
				GCC_DYNAMIC_NO_PIC = NO;
				GCC_NO_COMMON_BLOCKS = YES;
				GCC_OPTIMIZATION_LEVEL = 0;
				GCC_PREPROCESSOR_DEFINITIONS = (
					"DEBUG=1",
					"$(inherited)",
				);
				GCC_WARN_64_TO_32_BIT_CONVERSION = YES;
				GCC_WARN_ABOUT_RETURN_TYPE = YES_ERROR;
				GCC_WARN_UNDECLARED_SELECTOR = YES;
				GCC_WARN_UNINITIALIZED_AUTOS = YES_AGGRESSIVE;
				GCC_WARN_UNUSED_FUNCTION = YES;
				GCC_WARN_UNUSED_VARIABLE = YES;
				IPHONEOS_DEPLOYMENT_TARGET = 14.4;
				MTL_ENABLE_DEBUG_INFO = INCLUDE_SOURCE;
				MTL_FAST_MATH = YES;
				ONLY_ACTIVE_ARCH = YES;
				SDKROOT = iphoneos;
				SWIFT_ACTIVE_COMPILATION_CONDITIONS = DEBUG;
				SWIFT_OPTIMIZATION_LEVEL = "-Onone";
			};
			name = Debug;
		};
		3C76D3832630038A00A09761 /* Release */ = {
			isa = XCBuildConfiguration;
			buildSettings = {
				ALWAYS_SEARCH_USER_PATHS = NO;
				CLANG_ANALYZER_NONNULL = YES;
				CLANG_ANALYZER_NUMBER_OBJECT_CONVERSION = YES_AGGRESSIVE;
				CLANG_CXX_LANGUAGE_STANDARD = "gnu++14";
				CLANG_CXX_LIBRARY = "libc++";
				CLANG_ENABLE_MODULES = YES;
				CLANG_ENABLE_OBJC_ARC = YES;
				CLANG_ENABLE_OBJC_WEAK = YES;
				CLANG_WARN_BLOCK_CAPTURE_AUTORELEASING = YES;
				CLANG_WARN_BOOL_CONVERSION = YES;
				CLANG_WARN_COMMA = YES;
				CLANG_WARN_CONSTANT_CONVERSION = YES;
				CLANG_WARN_DEPRECATED_OBJC_IMPLEMENTATIONS = YES;
				CLANG_WARN_DIRECT_OBJC_ISA_USAGE = YES_ERROR;
				CLANG_WARN_DOCUMENTATION_COMMENTS = YES;
				CLANG_WARN_EMPTY_BODY = YES;
				CLANG_WARN_ENUM_CONVERSION = YES;
				CLANG_WARN_INFINITE_RECURSION = YES;
				CLANG_WARN_INT_CONVERSION = YES;
				CLANG_WARN_NON_LITERAL_NULL_CONVERSION = YES;
				CLANG_WARN_OBJC_IMPLICIT_RETAIN_SELF = YES;
				CLANG_WARN_OBJC_LITERAL_CONVERSION = YES;
				CLANG_WARN_OBJC_ROOT_CLASS = YES_ERROR;
				CLANG_WARN_QUOTED_INCLUDE_IN_FRAMEWORK_HEADER = YES;
				CLANG_WARN_RANGE_LOOP_ANALYSIS = YES;
				CLANG_WARN_STRICT_PROTOTYPES = YES;
				CLANG_WARN_SUSPICIOUS_MOVE = YES;
				CLANG_WARN_UNGUARDED_AVAILABILITY = YES_AGGRESSIVE;
				CLANG_WARN_UNREACHABLE_CODE = YES;
				CLANG_WARN__DUPLICATE_METHOD_MATCH = YES;
				COPY_PHASE_STRIP = NO;
				DEBUG_INFORMATION_FORMAT = "dwarf-with-dsym";
				ENABLE_NS_ASSERTIONS = NO;
				ENABLE_STRICT_OBJC_MSGSEND = YES;
				GCC_C_LANGUAGE_STANDARD = gnu11;
				GCC_NO_COMMON_BLOCKS = YES;
				GCC_WARN_64_TO_32_BIT_CONVERSION = YES;
				GCC_WARN_ABOUT_RETURN_TYPE = YES_ERROR;
				GCC_WARN_UNDECLARED_SELECTOR = YES;
				GCC_WARN_UNINITIALIZED_AUTOS = YES_AGGRESSIVE;
				GCC_WARN_UNUSED_FUNCTION = YES;
				GCC_WARN_UNUSED_VARIABLE = YES;
				IPHONEOS_DEPLOYMENT_TARGET = 14.4;
				MTL_ENABLE_DEBUG_INFO = NO;
				MTL_FAST_MATH = YES;
				SDKROOT = iphoneos;
				SWIFT_COMPILATION_MODE = wholemodule;
				SWIFT_OPTIMIZATION_LEVEL = "-O";
				VALIDATE_PRODUCT = YES;
			};
			name = Release;
		};
		3C76D3852630038A00A09761 /* Debug */ = {
			isa = XCBuildConfiguration;
			buildSettings = {
				ASSETCATALOG_COMPILER_APPICON_NAME = AppIcon;
				ASSETCATALOG_COMPILER_GLOBAL_ACCENT_COLOR_NAME = AccentColor;
				CODE_SIGN_STYLE = Automatic;
				DEVELOPMENT_TEAM = PTU6M56T7V;
				INFOPLIST_FILE = MovingOilPainting/Info.plist;
				IPHONEOS_DEPLOYMENT_TARGET = 13.0;
				LD_RUNPATH_SEARCH_PATHS = (
					"$(inherited)",
					"@executable_path/Frameworks",
				);
				PRODUCT_BUNDLE_IDENTIFIER = com.ezxr.MovingOilPainting;
				PRODUCT_NAME = "$(TARGET_NAME)";
				SWIFT_VERSION = 5.0;
				TARGETED_DEVICE_FAMILY = "1,2";
			};
			name = Debug;
		};
		3C76D3862630038A00A09761 /* Release */ = {
			isa = XCBuildConfiguration;
			buildSettings = {
				ASSETCATALOG_COMPILER_APPICON_NAME = AppIcon;
				ASSETCATALOG_COMPILER_GLOBAL_ACCENT_COLOR_NAME = AccentColor;
				CODE_SIGN_STYLE = Automatic;
				DEVELOPMENT_TEAM = PTU6M56T7V;
				INFOPLIST_FILE = MovingOilPainting/Info.plist;
				IPHONEOS_DEPLOYMENT_TARGET = 13.0;
				LD_RUNPATH_SEARCH_PATHS = (
					"$(inherited)",
					"@executable_path/Frameworks",
				);
				PRODUCT_BUNDLE_IDENTIFIER = com.ezxr.MovingOilPainting;
				PRODUCT_NAME = "$(TARGET_NAME)";
				SWIFT_VERSION = 5.0;
				TARGETED_DEVICE_FAMILY = "1,2";
			};
			name = Release;
		};
/* End XCBuildConfiguration section */

/* Begin XCConfigurationList section */
		3C76D36B2630038900A09761 /* Build configuration list for PBXProject "MovingOilPainting" */ = {
			isa = XCConfigurationList;
			buildConfigurations = (
				3C76D3822630038A00A09761 /* Debug */,
				3C76D3832630038A00A09761 /* Release */,
			);
			defaultConfigurationIsVisible = 0;
			defaultConfigurationName = Release;
		};
		3C76D3842630038A00A09761 /* Build configuration list for PBXNativeTarget "MovingOilPainting" */ = {
			isa = XCConfigurationList;
			buildConfigurations = (
				3C76D3852630038A00A09761 /* Debug */,
				3C76D3862630038A00A09761 /* Release */,
			);
			defaultConfigurationIsVisible = 0;
			defaultConfigurationName = Release;
		};
/* End XCConfigurationList section */
	};
	rootObject = 3C76D3682630038900A09761 /* Project object */;
}
